
Microsoft Visual Studio Solution File, Format Version 12.00
# Visual Studio Version 17
VisualStudioVersion = 17.9.34607.119
MinimumVisualStudioVersion = 10.0.40219.1
Project("{FAE04EC0-301F-11D3-BF4B-00C04F79EFBC}") = "APICatalogos", "APICatalogos\APICatalogos.csproj", "{27675CF4-A2BE-4169-BA21-14ED51BD40C5}"
EndProject
Global
	GlobalSection(SolutionConfigurationPlatforms) = preSolution
		Debug|Any CPU = Debug|Any CPU
		Release|Any CPU = Release|Any CPU
	EndGlobalSection
	GlobalSection(ProjectConfigurationPlatforms) = postSolution
		{27675CF4-A2BE-4169-BA21-14ED51BD40C5}.Debug|Any CPU.ActiveCfg = Debug|Any CPU
		{27675CF4-A2BE-4169-BA21-14ED51BD40C5}.Debug|Any CPU.Build.0 = Debug|Any CPU
		{27675CF4-A2BE-4169-BA21-14ED51BD40C5}.Release|Any CPU.ActiveCfg = Release|Any CPU
		{27675CF4-A2BE-4169-BA21-14ED51BD40C5}.Release|Any CPU.Build.0 = Release|Any CPU
	EndGlobalSection
	GlobalSection(SolutionProperties) = preSolution
		HideSolutionNode = FALSE
	EndGlobalSection
	GlobalSection(ExtensibilityGlobals) = postSolution
		SolutionGuid = {1004BF05-9AEB-4E99-8D5C-B460C5DAC561}
	EndGlobalSection
EndGlobal
